
Microsoft Visual Studio Solution File, Format Version 12.00
# Visual Studio 15
VisualStudioVersion = 15.0.27130.2010
MinimumVisualStudioVersion = 10.0.40219.1
Project("{FAE04EC0-301F-11D3-BF4B-00C04F79EFBC}") = "Delicious!", "Delicious!\Delicious!.csproj", "{35AAE79B-203E-4EB7-8BC0-B75E5D5FEC66}"
EndProject
Global
	GlobalSection(SolutionConfigurationPlatforms) = preSolution
		Debug|Any CPU = Debug|Any CPU
		Release|Any CPU = Release|Any CPU
	EndGlobalSection
	GlobalSection(ProjectConfigurationPlatforms) = postSolution
		{35AAE79B-203E-4EB7-8BC0-B75E5D5FEC66}.Debug|Any CPU.ActiveCfg = Debug|Any CPU
		{35AAE79B-203E-4EB7-8BC0-B75E5D5FEC66}.Debug|Any CPU.Build.0 = Debug|Any CPU
		{35AAE79B-203E-4EB7-8BC0-B75E5D5FEC66}.Release|Any CPU.ActiveCfg = Release|Any CPU
		{35AAE79B-203E-4EB7-8BC0-B75E5D5FEC66}.Release|Any CPU.Build.0 = Release|Any CPU
	EndGlobalSection
	GlobalSection(SolutionProperties) = preSolution
		HideSolutionNode = FALSE
	EndGlobalSection
	GlobalSection(ExtensibilityGlobals) = postSolution
		SolutionGuid = {AB0C49CB-83F1-4825-9EAF-6D2921E26F1D}
	EndGlobalSection
EndGlobal
